// !$*UTF8*$!
{
	archiveVersion = 1;
	classes = {
	};
	objectVersion = 48;
	objects = {

/* Begin PBXBuildFile section */
		9DB6A2E31EF1596300DF2DA4 /* AppDelegate.swift in Sources */ = {isa = PBXBuildFile; fileRef = 9DB6A2E21EF1596300DF2DA4 /* AppDelegate.swift */; };
		9DB6A2E51EF1596300DF2DA4 /* ViewController.swift in Sources */ = {isa = PBXBuildFile; fileRef = 9DB6A2E41EF1596300DF2DA4 /* ViewController.swift */; };
		9DB6A2E81EF1596300DF2DA4 /* Main.storyboard in Resources */ = {isa = PBXBuildFile; fileRef = 9DB6A2E61EF1596300DF2DA4 /* Main.storyboard */; };
		9DB6A2EA1EF1596300DF2DA4 /* Assets.xcassets in Resources */ = {isa = PBXBuildFile; fileRef = 9DB6A2E91EF1596300DF2DA4 /* Assets.xcassets */; };
		9DB6A2ED1EF1596300DF2DA4 /* LaunchScreen.storyboard in Resources */ = {isa = PBXBuildFile; fileRef = 9DB6A2EB1EF1596300DF2DA4 /* LaunchScreen.storyboard */; };
		9DB6A2F81EF1596400DF2DA4 /* GitHubReposRxTests.swift in Sources */ = {isa = PBXBuildFile; fileRef = 9DB6A2F71EF1596400DF2DA4 /* GitHubReposRxTests.swift */; };
		9DB6A3031EF1596400DF2DA4 /* GitHubReposRxUITests.swift in Sources */ = {isa = PBXBuildFile; fileRef = 9DB6A3021EF1596400DF2DA4 /* GitHubReposRxUITests.swift */; };
/* End PBXBuildFile section */

/* Begin PBXContainerItemProxy section */
		9DB6A2F41EF1596400DF2DA4 /* PBXContainerItemProxy */ = {
			isa = PBXContainerItemProxy;
			containerPortal = 9DB6A2D71EF1596300DF2DA4 /* Project object */;
			proxyType = 1;
			remoteGlobalIDString = 9DB6A2DE1EF1596300DF2DA4;
			remoteInfo = GitHubReposRx;
		};
		9DB6A2FF1EF1596400DF2DA4 /* PBXContainerItemProxy */ = {
			isa = PBXContainerItemProxy;
			containerPortal = 9DB6A2D71EF1596300DF2DA4 /* Project object */;
			proxyType = 1;
			remoteGlobalIDString = 9DB6A2DE1EF1596300DF2DA4;
			remoteInfo = GitHubReposRx;
		};
/* End PBXContainerItemProxy section */

/* Begin PBXFileReference section */
		9DB6A2DF1EF1596300DF2DA4 /* GitHubReposRx.app */ = {isa = PBXFileReference; explicitFileType = wrapper.application; includeInIndex = 0; path = GitHubReposRx.app; sourceTree = BUILT_PRODUCTS_DIR; };
		9DB6A2E21EF1596300DF2DA4 /* AppDelegate.swift */ = {isa = PBXFileReference; lastKnownFileType = sourcecode.swift; path = AppDelegate.swift; sourceTree = "<group>"; };
		9DB6A2E41EF1596300DF2DA4 /* ViewController.swift */ = {isa = PBXFileReference; lastKnownFileType = sourcecode.swift; path = ViewController.swift; sourceTree = "<group>"; };
		9DB6A2E71EF1596300DF2DA4 /* Base */ = {isa = PBXFileReference; lastKnownFileType = file.storyboard; name = Base; path = Base.lproj/Main.storyboard; sourceTree = "<group>"; };
		9DB6A2E91EF1596300DF2DA4 /* Assets.xcassets */ = {isa = PBXFileReference; lastKnownFileType = folder.assetcatalog; path = Assets.xcassets; sourceTree = "<group>"; };
		9DB6A2EC1EF1596300DF2DA4 /* Base */ = {isa = PBXFileReference; lastKnownFileType = file.storyboard; name = Base; path = Base.lproj/LaunchScreen.storyboard; sourceTree = "<group>"; };
		9DB6A2EE1EF1596300DF2DA4 /* Info.plist */ = {isa = PBXFileReference; lastKnownFileType = text.plist.xml; path = Info.plist; sourceTree = "<group>"; };
		9DB6A2F31EF1596400DF2DA4 /* GitHubReposRxTests.xctest */ = {isa = PBXFileReference; explicitFileType = wrapper.cfbundle; includeInIndex = 0; path = GitHubReposRxTests.xctest; sourceTree = BUILT_PRODUCTS_DIR; };
		9DB6A2F71EF1596400DF2DA4 /* GitHubReposRxTests.swift */ = {isa = PBXFileReference; lastKnownFileType = sourcecode.swift; path = GitHubReposRxTests.swift; sourceTree = "<group>"; };
		9DB6A2F91EF1596400DF2DA4 /* Info.plist */ = {isa = PBXFileReference; lastKnownFileType = text.plist.xml; path = Info.plist; sourceTree = "<group>"; };
		9DB6A2FE1EF1596400DF2DA4 /* GitHubReposRxUITests.xctest */ = {isa = PBXFileReference; explicitFileType = wrapper.cfbundle; includeInIndex = 0; path = GitHubReposRxUITests.xctest; sourceTree = BUILT_PRODUCTS_DIR; };
		9DB6A3021EF1596400DF2DA4 /* GitHubReposRxUITests.swift */ = {isa = PBXFileReference; lastKnownFileType = sourcecode.swift; path = GitHubReposRxUITests.swift; sourceTree = "<group>"; };
		9DB6A3041EF1596400DF2DA4 /* Info.plist */ = {isa = PBXFileReference; lastKnownFileType = text.plist.xml; path = Info.plist; sourceTree = "<group>"; };
/* End PBXFileReference section */

/* Begin PBXFrameworksBuildPhase section */
		9DB6A2DC1EF1596300DF2DA4 /* Frameworks */ = {
			isa = PBXFrameworksBuildPhase;
			buildActionMask = 2147483647;
			files = (
			);
			runOnlyForDeploymentPostprocessing = 0;
		};
		9DB6A2F01EF1596300DF2DA4 /* Frameworks */ = {
			isa = PBXFrameworksBuildPhase;
			buildActionMask = 2147483647;
			files = (
			);
			runOnlyForDeploymentPostprocessing = 0;
		};
		9DB6A2FB1EF1596400DF2DA4 /* Frameworks */ = {
			isa = PBXFrameworksBuildPhase;
			buildActionMask = 2147483647;
			files = (
			);
			runOnlyForDeploymentPostprocessing = 0;
		};
/* End PBXFrameworksBuildPhase section */

/* Begin PBXGroup section */
		9DB6A2D61EF1596300DF2DA4 = {
			isa = PBXGroup;
			children = (
				9DB6A2E11EF1596300DF2DA4 /* GitHubReposRx */,
				9DB6A2F61EF1596400DF2DA4 /* GitHubReposRxTests */,
				9DB6A3011EF1596400DF2DA4 /* GitHubReposRxUITests */,
				9DB6A2E01EF1596300DF2DA4 /* Products */,
			);
			sourceTree = "<group>";
		};
		9DB6A2E01EF1596300DF2DA4 /* Products */ = {
			isa = PBXGroup;
			children = (
				9DB6A2DF1EF1596300DF2DA4 /* GitHubReposRx.app */,
				9DB6A2F31EF1596400DF2DA4 /* GitHubReposRxTests.xctest */,
				9DB6A2FE1EF1596400DF2DA4 /* GitHubReposRxUITests.xctest */,
			);
			name = Products;
			sourceTree = "<group>";
		};
		9DB6A2E11EF1596300DF2DA4 /* GitHubReposRx */ = {
			isa = PBXGroup;
			children = (
				9DB6A2E21EF1596300DF2DA4 /* AppDelegate.swift */,
				9DB6A2E41EF1596300DF2DA4 /* ViewController.swift */,
				9DB6A2E61EF1596300DF2DA4 /* Main.storyboard */,
				9DB6A2E91EF1596300DF2DA4 /* Assets.xcassets */,
				9DB6A2EB1EF1596300DF2DA4 /* LaunchScreen.storyboard */,
				9DB6A2EE1EF1596300DF2DA4 /* Info.plist */,
			);
			path = GitHubReposRx;
			sourceTree = "<group>";
		};
		9DB6A2F61EF1596400DF2DA4 /* GitHubReposRxTests */ = {
			isa = PBXGroup;
			children = (
				9DB6A2F71EF1596400DF2DA4 /* GitHubReposRxTests.swift */,
				9DB6A2F91EF1596400DF2DA4 /* Info.plist */,
			);
			path = GitHubReposRxTests;
			sourceTree = "<group>";
		};
		9DB6A3011EF1596400DF2DA4 /* GitHubReposRxUITests */ = {
			isa = PBXGroup;
			children = (
				9DB6A3021EF1596400DF2DA4 /* GitHubReposRxUITests.swift */,
				9DB6A3041EF1596400DF2DA4 /* Info.plist */,
			);
			path = GitHubReposRxUITests;
			sourceTree = "<group>";
		};
/* End PBXGroup section */

/* Begin PBXNativeTarget section */
		9DB6A2DE1EF1596300DF2DA4 /* GitHubReposRx */ = {
			isa = PBXNativeTarget;
			buildConfigurationList = 9DB6A3071EF1596400DF2DA4 /* Build configuration list for PBXNativeTarget "GitHubReposRx" */;
			buildPhases = (
				9DB6A2DB1EF1596300DF2DA4 /* Sources */,
				9DB6A2DC1EF1596300DF2DA4 /* Frameworks */,
				9DB6A2DD1EF1596300DF2DA4 /* Resources */,
			);
			buildRules = (
			);
			dependencies = (
			);
			name = GitHubReposRx;
			productName = GitHubReposRx;
			productReference = 9DB6A2DF1EF1596300DF2DA4 /* GitHubReposRx.app */;
			productType = "com.apple.product-type.application";
		};
		9DB6A2F21EF1596300DF2DA4 /* GitHubReposRxTests */ = {
			isa = PBXNativeTarget;
			buildConfigurationList = 9DB6A30A1EF1596400DF2DA4 /* Build configuration list for PBXNativeTarget "GitHubReposRxTests" */;
			buildPhases = (
				9DB6A2EF1EF1596300DF2DA4 /* Sources */,
				9DB6A2F01EF1596300DF2DA4 /* Frameworks */,
				9DB6A2F11EF1596300DF2DA4 /* Resources */,
			);
			buildRules = (
			);
			dependencies = (
				9DB6A2F51EF1596400DF2DA4 /* PBXTargetDependency */,
			);
			name = GitHubReposRxTests;
			productName = GitHubReposRxTests;
			productReference = 9DB6A2F31EF1596400DF2DA4 /* GitHubReposRxTests.xctest */;
			productType = "com.apple.product-type.bundle.unit-test";
		};
		9DB6A2FD1EF1596400DF2DA4 /* GitHubReposRxUITests */ = {
			isa = PBXNativeTarget;
			buildConfigurationList = 9DB6A30D1EF1596400DF2DA4 /* Build configuration list for PBXNativeTarget "GitHubReposRxUITests" */;
			buildPhases = (
				9DB6A2FA1EF1596400DF2DA4 /* Sources */,
				9DB6A2FB1EF1596400DF2DA4 /* Frameworks */,
				9DB6A2FC1EF1596400DF2DA4 /* Resources */,
			);
			buildRules = (
			);
			dependencies = (
				9DB6A3001EF1596400DF2DA4 /* PBXTargetDependency */,
			);
			name = GitHubReposRxUITests;
			productName = GitHubReposRxUITests;
			productReference = 9DB6A2FE1EF1596400DF2DA4 /* GitHubReposRxUITests.xctest */;
			productType = "com.apple.product-type.bundle.ui-testing";
		};
/* End PBXNativeTarget section */

/* Begin PBXProject section */
		9DB6A2D71EF1596300DF2DA4 /* Project object */ = {
			isa = PBXProject;
			attributes = {
				LastSwiftUpdateCheck = 0900;
				LastUpgradeCheck = 0900;
				ORGANIZATIONNAME = ByteOrbit;
				TargetAttributes = {
					9DB6A2DE1EF1596300DF2DA4 = {
						CreatedOnToolsVersion = 9.0;
					};
					9DB6A2F21EF1596300DF2DA4 = {
						CreatedOnToolsVersion = 9.0;
						TestTargetID = 9DB6A2DE1EF1596300DF2DA4;
					};
					9DB6A2FD1EF1596400DF2DA4 = {
						CreatedOnToolsVersion = 9.0;
						TestTargetID = 9DB6A2DE1EF1596300DF2DA4;
					};
				};
			};
			buildConfigurationList = 9DB6A2DA1EF1596300DF2DA4 /* Build configuration list for PBXProject "GitHubReposRx" */;
			compatibilityVersion = "Xcode 8.0";
			developmentRegion = en;
			hasScannedForEncodings = 0;
			knownRegions = (
				en,
				Base,
			);
			mainGroup = 9DB6A2D61EF1596300DF2DA4;
			productRefGroup = 9DB6A2E01EF1596300DF2DA4 /* Products */;
			projectDirPath = "";
			projectRoot = "";
			targets = (
				9DB6A2DE1EF1596300DF2DA4 /* GitHubReposRx */,
				9DB6A2F21EF1596300DF2DA4 /* GitHubReposRxTests */,
				9DB6A2FD1EF1596400DF2DA4 /* GitHubReposRxUITests */,
			);
		};
/* End PBXProject section */

/* Begin PBXResourcesBuildPhase section */
		9DB6A2DD1EF1596300DF2DA4 /* Resources */ = {
			isa = PBXResourcesBuildPhase;
			buildActionMask = 2147483647;
			files = (
				9DB6A2ED1EF1596300DF2DA4 /* LaunchScreen.storyboard in Resources */,
				9DB6A2EA1EF1596300DF2DA4 /* Assets.xcassets in Resources */,
				9DB6A2E81EF1596300DF2DA4 /* Main.storyboard in Resources */,
			);
			runOnlyForDeploymentPostprocessing = 0;
		};
		9DB6A2F11EF1596300DF2DA4 /* Resources */ = {
			isa = PBXResourcesBuildPhase;
			buildActionMask = 2147483647;
			files = (
			);
			runOnlyForDeploymentPostprocessing = 0;
		};
		9DB6A2FC1EF1596400DF2DA4 /* Resources */ = {
			isa = PBXResourcesBuildPhase;
			buildActionMask = 2147483647;
			files = (
			);
			runOnlyForDeploymentPostprocessing = 0;
		};
/* End PBXResourcesBuildPhase section */

/* Begin PBXSourcesBuildPhase section */
		9DB6A2DB1EF1596300DF2DA4 /* Sources */ = {
			isa = PBXSourcesBuildPhase;
			buildActionMask = 2147483647;
			files = (
				9DB6A2E51EF1596300DF2DA4 /* ViewController.swift in Sources */,
				9DB6A2E31EF1596300DF2DA4 /* AppDelegate.swift in Sources */,
			);
			runOnlyForDeploymentPostprocessing = 0;
		};
		9DB6A2EF1EF1596300DF2DA4 /* Sources */ = {
			isa = PBXSourcesBuildPhase;
			buildActionMask = 2147483647;
			files = (
				9DB6A2F81EF1596400DF2DA4 /* GitHubReposRxTests.swift in Sources */,
			);
			runOnlyForDeploymentPostprocessing = 0;
		};
		9DB6A2FA1EF1596400DF2DA4 /* Sources */ = {
			isa = PBXSourcesBuildPhase;
			buildActionMask = 2147483647;
			files = (
				9DB6A3031EF1596400DF2DA4 /* GitHubReposRxUITests.swift in Sources */,
			);
			runOnlyForDeploymentPostprocessing = 0;
		};
/* End PBXSourcesBuildPhase section */

/* Begin PBXTargetDependency section */
		9DB6A2F51EF1596400DF2DA4 /* PBXTargetDependency */ = {
			isa = PBXTargetDependency;
			target = 9DB6A2DE1EF1596300DF2DA4 /* GitHubReposRx */;
			targetProxy = 9DB6A2F41EF1596400DF2DA4 /* PBXContainerItemProxy */;
		};
		9DB6A3001EF1596400DF2DA4 /* PBXTargetDependency */ = {
			isa = PBXTargetDependency;
			target = 9DB6A2DE1EF1596300DF2DA4 /* GitHubReposRx */;
			targetProxy = 9DB6A2FF1EF1596400DF2DA4 /* PBXContainerItemProxy */;
		};
/* End PBXTargetDependency section */

/* Begin PBXVariantGroup section */
		9DB6A2E61EF1596300DF2DA4 /* Main.storyboard */ = {
			isa = PBXVariantGroup;
			children = (
				9DB6A2E71EF1596300DF2DA4 /* Base */,
			);
			name = Main.storyboard;
			sourceTree = "<group>";
		};
		9DB6A2EB1EF1596300DF2DA4 /* LaunchScreen.storyboard */ = {
			isa = PBXVariantGroup;
			children = (
				9DB6A2EC1EF1596300DF2DA4 /* Base */,
			);
			name = LaunchScreen.storyboard;
			sourceTree = "<group>";
		};
/* End PBXVariantGroup section */

/* Begin XCBuildConfiguration section */
		9DB6A3051EF1596400DF2DA4 /* Debug */ = {
			isa = XCBuildConfiguration;
			buildSettings = {
				ALWAYS_SEARCH_USER_PATHS = NO;
				CLANG_ANALYZER_NONNULL = YES;
				CLANG_ANALYZER_NUMBER_OBJECT_CONVERSION = YES_AGGRESSIVE;
				CLANG_CXX_LANGUAGE_STANDARD = "gnu++14";
				CLANG_CXX_LIBRARY = "libc++";
				CLANG_ENABLE_MODULES = YES;
				CLANG_ENABLE_OBJC_ARC = YES;
				CLANG_WARN_BLOCK_CAPTURE_AUTORELEASING = YES;
				CLANG_WARN_BOOL_CONVERSION = YES;
				CLANG_WARN_COMMA = YES;
				CLANG_WARN_CONSTANT_CONVERSION = YES;
				CLANG_WARN_DIRECT_OBJC_ISA_USAGE = YES_ERROR;
				CLANG_WARN_DOCUMENTATION_COMMENTS = YES;
				CLANG_WARN_EMPTY_BODY = YES;
				CLANG_WARN_ENUM_CONVERSION = YES;
				CLANG_WARN_INFINITE_RECURSION = YES;
				CLANG_WARN_INT_CONVERSION = YES;
				CLANG_WARN_OBJC_ROOT_CLASS = YES_ERROR;
				CLANG_WARN_RANGE_LOOP_ANALYSIS = YES;
				CLANG_WARN_STRICT_PROTOTYPES = YES;
				CLANG_WARN_SUSPICIOUS_MOVE = YES;
				CLANG_WARN_UNGUARDED_AVAILABILITY = YES_AGGRESSIVE;
				CLANG_WARN_UNREACHABLE_CODE = YES;
				CLANG_WARN__DUPLICATE_METHOD_MATCH = YES;
				CODE_SIGN_IDENTITY = "iPhone Developer";
				COPY_PHASE_STRIP = NO;
				DEBUG_INFORMATION_FORMAT = dwarf;
				ENABLE_STRICT_OBJC_MSGSEND = YES;
				ENABLE_TESTABILITY = YES;
				GCC_C_LANGUAGE_STANDARD = gnu11;
				GCC_DYNAMIC_NO_PIC = NO;
				GCC_NO_COMMON_BLOCKS = YES;
				GCC_OPTIMIZATION_LEVEL = 0;
				GCC_PREPROCESSOR_DEFINITIONS = (
					"DEBUG=1",
					"$(inherited)",
				);
				GCC_WARN_64_TO_32_BIT_CONVERSION = YES;
				GCC_WARN_ABOUT_RETURN_TYPE = YES_ERROR;
				GCC_WARN_UNDECLARED_SELECTOR = YES;
				GCC_WARN_UNINITIALIZED_AUTOS = YES_AGGRESSIVE;
				GCC_WARN_UNUSED_FUNCTION = YES;
				GCC_WARN_UNUSED_VARIABLE = YES;
				IPHONEOS_DEPLOYMENT_TARGET = 11.0;
				MTL_ENABLE_DEBUG_INFO = YES;
				ONLY_ACTIVE_ARCH = YES;
				SDKROOT = iphoneos;
				SWIFT_ACTIVE_COMPILATION_CONDITIONS = DEBUG;
				SWIFT_OPTIMIZATION_LEVEL = "-Onone";
			};
			name = Debug;
		};
		9DB6A3061EF1596400DF2DA4 /* Release */ = {
			isa = XCBuildConfiguration;
			buildSettings = {
				ALWAYS_SEARCH_USER_PATHS = NO;
				CLANG_ANALYZER_NONNULL = YES;
				CLANG_ANALYZER_NUMBER_OBJECT_CONVERSION = YES_AGGRESSIVE;
				CLANG_CXX_LANGUAGE_STANDARD = "gnu++14";
				CLANG_CXX_LIBRARY = "libc++";
				CLANG_ENABLE_MODULES = YES;
				CLANG_ENABLE_OBJC_ARC = YES;
				CLANG_WARN_BLOCK_CAPTURE_AUTORELEASING = YES;
				CLANG_WARN_BOOL_CONVERSION = YES;
				CLANG_WARN_COMMA = YES;
				CLANG_WARN_CONSTANT_CONVERSION = YES;
				CLANG_WARN_DIRECT_OBJC_ISA_USAGE = YES_ERROR;
				CLANG_WARN_DOCUMENTATION_COMMENTS = YES;
				CLANG_WARN_EMPTY_BODY = YES;
				CLANG_WARN_ENUM_CONVERSION = YES;
				CLANG_WARN_INFINITE_RECURSION = YES;
				CLANG_WARN_INT_CONVERSION = YES;
				CLANG_WARN_OBJC_ROOT_CLASS = YES_ERROR;
				CLANG_WARN_RANGE_LOOP_ANALYSIS = YES;
				CLANG_WARN_STRICT_PROTOTYPES = YES;
				CLANG_WARN_SUSPICIOUS_MOVE = YES;
				CLANG_WARN_UNGUARDED_AVAILABILITY = YES_AGGRESSIVE;
				CLANG_WARN_UNREACHABLE_CODE = YES;
				CLANG_WARN__DUPLICATE_METHOD_MATCH = YES;
				CODE_SIGN_IDENTITY = "iPhone Developer";
				COPY_PHASE_STRIP = NO;
				DEBUG_INFORMATION_FORMAT = "dwarf-with-dsym";
				ENABLE_NS_ASSERTIONS = NO;
				ENABLE_STRICT_OBJC_MSGSEND = YES;
				GCC_C_LANGUAGE_STANDARD = gnu11;
				GCC_NO_COMMON_BLOCKS = YES;
				GCC_WARN_64_TO_32_BIT_CONVERSION = YES;
				GCC_WARN_ABOUT_RETURN_TYPE = YES_ERROR;
				GCC_WARN_UNDECLARED_SELECTOR = YES;
				GCC_WARN_UNINITIALIZED_AUTOS = YES_AGGRESSIVE;
				GCC_WARN_UNUSED_FUNCTION = YES;
				GCC_WARN_UNUSED_VARIABLE = YES;
				IPHONEOS_DEPLOYMENT_TARGET = 11.0;
				MTL_ENABLE_DEBUG_INFO = NO;
				SDKROOT = iphoneos;
				SWIFT_OPTIMIZATION_LEVEL = "-Owholemodule";
				VALIDATE_PRODUCT = YES;
			};
			name = Release;
		};
		9DB6A3081EF1596400DF2DA4 /* Debug */ = {
			isa = XCBuildConfiguration;
			buildSettings = {
				ASSETCATALOG_COMPILER_APPICON_NAME = AppIcon;
				INFOPLIST_FILE = GitHubReposRx/Info.plist;
				LD_RUNPATH_SEARCH_PATHS = "$(inherited) @executable_path/Frameworks";
				PRODUCT_BUNDLE_IDENTIFIER = com.byteorbit.malcolm.GitHubReposRx;
				PRODUCT_NAME = "$(TARGET_NAME)";
				SWIFT_VERSION = 4.0;
				TARGETED_DEVICE_FAMILY = "1,2";
			};
			name = Debug;
		};
		9DB6A3091EF1596400DF2DA4 /* Release */ = {
			isa = XCBuildConfiguration;
			buildSettings = {
				ASSETCATALOG_COMPILER_APPICON_NAME = AppIcon;
				INFOPLIST_FILE = GitHubReposRx/Info.plist;
				LD_RUNPATH_SEARCH_PATHS = "$(inherited) @executable_path/Frameworks";
				PRODUCT_BUNDLE_IDENTIFIER = com.byteorbit.malcolm.GitHubReposRx;
				PRODUCT_NAME = "$(TARGET_NAME)";
				SWIFT_VERSION = 4.0;
				TARGETED_DEVICE_FAMILY = "1,2";
			};
			name = Release;
		};
		9DB6A30B1EF1596400DF2DA4 /* Debug */ = {
			isa = XCBuildConfiguration;
			buildSettings = {
				ALWAYS_EMBED_SWIFT_STANDARD_LIBRARIES = YES;
				BUNDLE_LOADER = "$(TEST_HOST)";
				INFOPLIST_FILE = GitHubReposRxTests/Info.plist;
				LD_RUNPATH_SEARCH_PATHS = "$(inherited) @executable_path/Frameworks @loader_path/Frameworks";
				PRODUCT_BUNDLE_IDENTIFIER = com.byteorbit.malcolm.GitHubReposRxTests;
				PRODUCT_NAME = "$(TARGET_NAME)";
				SWIFT_VERSION = 4.0;
				TARGETED_DEVICE_FAMILY = "1,2";
				TEST_HOST = "$(BUILT_PRODUCTS_DIR)/GitHubReposRx.app/GitHubReposRx";
			};
			name = Debug;
		};
		9DB6A30C1EF1596400DF2DA4 /* Release */ = {
			isa = XCBuildConfiguration;
			buildSettings = {
				ALWAYS_EMBED_SWIFT_STANDARD_LIBRARIES = YES;
				BUNDLE_LOADER = "$(TEST_HOST)";
				INFOPLIST_FILE = GitHubReposRxTests/Info.plist;
				LD_RUNPATH_SEARCH_PATHS = "$(inherited) @executable_path/Frameworks @loader_path/Frameworks";
				PRODUCT_BUNDLE_IDENTIFIER = com.byteorbit.malcolm.GitHubReposRxTests;
				PRODUCT_NAME = "$(TARGET_NAME)";
				SWIFT_VERSION = 4.0;
				TARGETED_DEVICE_FAMILY = "1,2";
				TEST_HOST = "$(BUILT_PRODUCTS_DIR)/GitHubReposRx.app/GitHubReposRx";
			};
			name = Release;
		};
		9DB6A30E1EF1596400DF2DA4 /* Debug */ = {
			isa = XCBuildConfiguration;
			buildSettings = {
				ALWAYS_EMBED_SWIFT_STANDARD_LIBRARIES = YES;
				INFOPLIST_FILE = GitHubReposRxUITests/Info.plist;
				LD_RUNPATH_SEARCH_PATHS = "$(inherited) @executable_path/Frameworks @loader_path/Frameworks";
				PRODUCT_BUNDLE_IDENTIFIER = com.byteorbit.malcolm.GitHubReposRxUITests;
				PRODUCT_NAME = "$(TARGET_NAME)";
				SWIFT_VERSION = 4.0;
				TARGETED_DEVICE_FAMILY = "1,2";
				TEST_TARGET_NAME = GitHubReposRx;
			};
			name = Debug;
		};
		9DB6A30F1EF1596400DF2DA4 /* Release */ = {
			isa = XCBuildConfiguration;
			buildSettings = {
				ALWAYS_EMBED_SWIFT_STANDARD_LIBRARIES = YES;
				INFOPLIST_FILE = GitHubReposRxUITests/Info.plist;
				LD_RUNPATH_SEARCH_PATHS = "$(inherited) @executable_path/Frameworks @loader_path/Frameworks";
				PRODUCT_BUNDLE_IDENTIFIER = com.byteorbit.malcolm.GitHubReposRxUITests;
				PRODUCT_NAME = "$(TARGET_NAME)";
				SWIFT_VERSION = 4.0;
				TARGETED_DEVICE_FAMILY = "1,2";
				TEST_TARGET_NAME = GitHubReposRx;
			};
			name = Release;
		};
/* End XCBuildConfiguration section */

/* Begin XCConfigurationList section */
		9DB6A2DA1EF1596300DF2DA4 /* Build configuration list for PBXProject "GitHubReposRx" */ = {
			isa = XCConfigurationList;
			buildConfigurations = (
				9DB6A3051EF1596400DF2DA4 /* Debug */,
				9DB6A3061EF1596400DF2DA4 /* Release */,
			);
			defaultConfigurationIsVisible = 0;
			defaultConfigurationName = Release;
		};
		9DB6A3071EF1596400DF2DA4 /* Build configuration list for PBXNativeTarget "GitHubReposRx" */ = {
			isa = XCConfigurationList;
			buildConfigurations = (
				9DB6A3081EF1596400DF2DA4 /* Debug */,
				9DB6A3091EF1596400DF2DA4 /* Release */,
			);
			defaultConfigurationIsVisible = 0;
		};
		9DB6A30A1EF1596400DF2DA4 /* Build configuration list for PBXNativeTarget "GitHubReposRxTests" */ = {
			isa = XCConfigurationList;
			buildConfigurations = (
				9DB6A30B1EF1596400DF2DA4 /* Debug */,
				9DB6A30C1EF1596400DF2DA4 /* Release */,
			);
			defaultConfigurationIsVisible = 0;
		};
		9DB6A30D1EF1596400DF2DA4 /* Build configuration list for PBXNativeTarget "GitHubReposRxUITests" */ = {
			isa = XCConfigurationList;
			buildConfigurations = (
				9DB6A30E1EF1596400DF2DA4 /* Debug */,
				9DB6A30F1EF1596400DF2DA4 /* Release */,
			);
			defaultConfigurationIsVisible = 0;
		};
/* End XCConfigurationList section */
	};
	rootObject = 9DB6A2D71EF1596300DF2DA4 /* Project object */;
}
